{
  "name": "antif4",
  "version": "0.0.1",
  "lockfileVersion": 3,
  "requires": true,
  "packages": {
    "": {
      "name": "antif4",
      "version": "0.0.1",
      "license": "ISC",
      "dependencies": {
        "@webtui/css": "^0.0.2"
      }
    },
    "node_modules/@webtui/css": {
      "version": "0.0.2",
      "resolved": "https://registry.npmjs.org/@webtui/css/-/css-0.0.2.tgz",
      "integrity": "sha512-EssikfTC5dhZaK38A5F4bMJYqddEpqdrB3WR1Sqj/JrIYO/VcB0YKszY8GRFrggoVKTZKS3ZRyLAmvcOOKcNmg=="
    }
  }
}
