{
  "name": "antif4",
  "version": "0.0.1",
  "lockfileVersion": 3,
  "requires": true,
  "packages": {
    "": {
      "name": "antif4",
      "version": "0.0.1",
      "license": "ISC",
      "dependencies": {
        "@webtui/css": "^0.1.4",
        "@webtui/theme-catppuccin": "^0.0.3"
      }
    },
    "node_modules/@webtui/css": {
      "version": "0.1.4",
      "resolved": "https://registry.npmjs.org/@webtui/css/-/css-0.1.4.tgz",
      "integrity": "sha512-ahFXXvxSC4R/+eE1vCjJVyusJyufJgiKY0DbbX1WArzE/Ix5Wkchh9aKQXGr035a6JFCCb+oc7vzlIOcYJ019w=="
    },
    "node_modules/@webtui/theme-catppuccin": {
      "version": "0.0.3",
      "resolved": "https://registry.npmjs.org/@webtui/theme-catppuccin/-/theme-catppuccin-0.0.3.tgz",
      "integrity": "sha512-mn3qpyIDYzPm9DoDX7Rs/Ma/3YawbAZEu6/Cemj4kTodr4eBFuEOmkkd1RtChsXGH75fZ054MIzZoVwYvA5W2g=="
    }
  }
}
